
Microsoft Visual Studio Solution File, Format Version 12.00
# Visual Studio Version 16
VisualStudioVersion = 16.0.31911.196
MinimumVisualStudioVersion = 10.0.40219.1
Project("{FAE04EC0-301F-11D3-BF4B-00C04F79EFBC}") = "лр17шарп", "лр17шарп\лр17шарп.csproj", "{5DC30812-E230-4CB0-A93F-B4FC7FFB45CA}"
EndProject
Global
	GlobalSection(SolutionConfigurationPlatforms) = preSolution
		Debug|Any CPU = Debug|Any CPU
		Release|Any CPU = Release|Any CPU
	EndGlobalSection
	GlobalSection(ProjectConfigurationPlatforms) = postSolution
		{5DC30812-E230-4CB0-A93F-B4FC7FFB45CA}.Debug|Any CPU.ActiveCfg = Debug|Any CPU
		{5DC30812-E230-4CB0-A93F-B4FC7FFB45CA}.Debug|Any CPU.Build.0 = Debug|Any CPU
		{5DC30812-E230-4CB0-A93F-B4FC7FFB45CA}.Release|Any CPU.ActiveCfg = Release|Any CPU
		{5DC30812-E230-4CB0-A93F-B4FC7FFB45CA}.Release|Any CPU.Build.0 = Release|Any CPU
	EndGlobalSection
	GlobalSection(SolutionProperties) = preSolution
		HideSolutionNode = FALSE
	EndGlobalSection
	GlobalSection(ExtensibilityGlobals) = postSolution
		SolutionGuid = {A86B223E-ED0B-4C57-89C4-855D9FDE2B12}
	EndGlobalSection
EndGlobal
