
Microsoft Visual Studio Solution File, Format Version 12.00
# Visual Studio Version 16
VisualStudioVersion = 16.0.31911.196
MinimumVisualStudioVersion = 10.0.40219.1
Project("{FAE04EC0-301F-11D3-BF4B-00C04F79EFBC}") = "forms", "forms\forms.csproj", "{1F46141E-A516-4DE2-921A-F8AD12C8375A}"
EndProject
Global
	GlobalSection(SolutionConfigurationPlatforms) = preSolution
		Debug|Any CPU = Debug|Any CPU
		Release|Any CPU = Release|Any CPU
	EndGlobalSection
	GlobalSection(ProjectConfigurationPlatforms) = postSolution
		{1F46141E-A516-4DE2-921A-F8AD12C8375A}.Debug|Any CPU.ActiveCfg = Debug|Any CPU
		{1F46141E-A516-4DE2-921A-F8AD12C8375A}.Debug|Any CPU.Build.0 = Debug|Any CPU
		{1F46141E-A516-4DE2-921A-F8AD12C8375A}.Release|Any CPU.ActiveCfg = Release|Any CPU
		{1F46141E-A516-4DE2-921A-F8AD12C8375A}.Release|Any CPU.Build.0 = Release|Any CPU
	EndGlobalSection
	GlobalSection(SolutionProperties) = preSolution
		HideSolutionNode = FALSE
	EndGlobalSection
	GlobalSection(ExtensibilityGlobals) = postSolution
		SolutionGuid = {18BF0A48-B92B-4710-ACD6-31B6D2A3A969}
	EndGlobalSection
EndGlobal
